
Microsoft Visual Studio Solution File, Format Version 12.00
# Visual Studio Version 17
VisualStudioVersion = 17.3.32825.248
MinimumVisualStudioVersion = 10.0.40219.1
Project("{8BC9CEB8-8B4A-11D0-8D11-00A0C91BC942}") = "Graphing Calculator", "Graphing Calculator\Graphing Calculator.vcxproj", "{20EA63B4-D35C-43A7-8422-8A9D2B0B1037}"
EndProject
Global
	GlobalSection(SolutionConfigurationPlatforms) = preSolution
		Debug|x64 = Debug|x64
		Debug|x86 = Debug|x86
		Release|x64 = Release|x64
		Release|x86 = Release|x86
	EndGlobalSection
	GlobalSection(ProjectConfigurationPlatforms) = postSolution
		{20EA63B4-D35C-43A7-8422-8A9D2B0B1037}.Debug|x64.ActiveCfg = Debug|x64
		{20EA63B4-D35C-43A7-8422-8A9D2B0B1037}.Debug|x64.Build.0 = Debug|x64
		{20EA63B4-D35C-43A7-8422-8A9D2B0B1037}.Debug|x86.ActiveCfg = Debug|Win32
		{20EA63B4-D35C-43A7-8422-8A9D2B0B1037}.Debug|x86.Build.0 = Debug|Win32
		{20EA63B4-D35C-43A7-8422-8A9D2B0B1037}.Release|x64.ActiveCfg = Release|x64
		{20EA63B4-D35C-43A7-8422-8A9D2B0B1037}.Release|x64.Build.0 = Release|x64
		{20EA63B4-D35C-43A7-8422-8A9D2B0B1037}.Release|x86.ActiveCfg = Release|Win32
		{20EA63B4-D35C-43A7-8422-8A9D2B0B1037}.Release|x86.Build.0 = Release|Win32
	EndGlobalSection
	GlobalSection(SolutionProperties) = preSolution
		HideSolutionNode = FALSE
	EndGlobalSection
	GlobalSection(ExtensibilityGlobals) = postSolution
		SolutionGuid = {B282E977-B543-4AA2-BE1D-B86D5DC3D650}
	EndGlobalSection
EndGlobal
